
Microsoft Visual Studio Solution File, Format Version 12.00
# Visual Studio Version 16
VisualStudioVersion = 16.0.31019.35
MinimumVisualStudioVersion = 10.0.40219.1
Project("{FAE04EC0-301F-11D3-BF4B-00C04F79EFBC}") = "Valid Paranthesis", "Valid Paranthesis\Valid Paranthesis.csproj", "{8E294C41-E9D5-4645-A8CD-E892CC118270}"
EndProject
Global
	GlobalSection(SolutionConfigurationPlatforms) = preSolution
		Debug|Any CPU = Debug|Any CPU
		Release|Any CPU = Release|Any CPU
	EndGlobalSection
	GlobalSection(ProjectConfigurationPlatforms) = postSolution
		{8E294C41-E9D5-4645-A8CD-E892CC118270}.Debug|Any CPU.ActiveCfg = Debug|Any CPU
		{8E294C41-E9D5-4645-A8CD-E892CC118270}.Debug|Any CPU.Build.0 = Debug|Any CPU
		{8E294C41-E9D5-4645-A8CD-E892CC118270}.Release|Any CPU.ActiveCfg = Release|Any CPU
		{8E294C41-E9D5-4645-A8CD-E892CC118270}.Release|Any CPU.Build.0 = Release|Any CPU
	EndGlobalSection
	GlobalSection(SolutionProperties) = preSolution
		HideSolutionNode = FALSE
	EndGlobalSection
	GlobalSection(ExtensibilityGlobals) = postSolution
		SolutionGuid = {958B26BB-C63E-46DE-BEC6-88B8E3AD64A4}
	EndGlobalSection
EndGlobal
